
Microsoft Visual Studio Solution File, Format Version 12.00
Project("{FAE04EC0-301F-11D3-BF4B-00C04F79EFBC}") = "WebApi", "WebApi\WebApi.csproj", "{87E50654-58A9-404A-B6D9-4F02C0930D49}"
EndProject
Project("{FAE04EC0-301F-11D3-BF4B-00C04F79EFBC}") = "Domain", "Domain\Domain.csproj", "{6D9B0FBB-F365-4C47-ABA8-835B0358131A}"
EndProject
Project("{2150E333-8FDC-42A3-9474-1A3956D46DE8}") = "Tests", "Tests", "{BBB6F6DD-6388-428A-AC7B-B078C6779C92}"
EndProject
Project("{FAE04EC0-301F-11D3-BF4B-00C04F79EFBC}") = "Domain.Tests", "Domain.Tests\Domain.Tests.csproj", "{6226FDC6-93CC-466A-984B-A96805347C34}"
EndProject
Project("{FAE04EC0-301F-11D3-BF4B-00C04F79EFBC}") = "IntegrationTests", "IntegrationTests\IntegrationTests.csproj", "{B35CB9CE-510D-4CB2-A948-892648F7E695}"
EndProject
Project("{2150E333-8FDC-42A3-9474-1A3956D46DE8}") = "SolutionItems", "SolutionItems", "{0BA4AF87-BA98-4866-BFFC-C80FBD432E90}"
	ProjectSection(SolutionItems) = preProject
		.gitignore = .gitignore
	EndProjectSection
EndProject
Global
	GlobalSection(SolutionConfigurationPlatforms) = preSolution
		Debug|Any CPU = Debug|Any CPU
		Release|Any CPU = Release|Any CPU
	EndGlobalSection
	GlobalSection(ProjectConfigurationPlatforms) = postSolution
		{87E50654-58A9-404A-B6D9-4F02C0930D49}.Debug|Any CPU.ActiveCfg = Debug|Any CPU
		{87E50654-58A9-404A-B6D9-4F02C0930D49}.Debug|Any CPU.Build.0 = Debug|Any CPU
		{87E50654-58A9-404A-B6D9-4F02C0930D49}.Release|Any CPU.ActiveCfg = Release|Any CPU
		{87E50654-58A9-404A-B6D9-4F02C0930D49}.Release|Any CPU.Build.0 = Release|Any CPU
		{6D9B0FBB-F365-4C47-ABA8-835B0358131A}.Debug|Any CPU.ActiveCfg = Debug|Any CPU
		{6D9B0FBB-F365-4C47-ABA8-835B0358131A}.Debug|Any CPU.Build.0 = Debug|Any CPU
		{6D9B0FBB-F365-4C47-ABA8-835B0358131A}.Release|Any CPU.ActiveCfg = Release|Any CPU
		{6D9B0FBB-F365-4C47-ABA8-835B0358131A}.Release|Any CPU.Build.0 = Release|Any CPU
		{6226FDC6-93CC-466A-984B-A96805347C34}.Debug|Any CPU.ActiveCfg = Debug|Any CPU
		{6226FDC6-93CC-466A-984B-A96805347C34}.Debug|Any CPU.Build.0 = Debug|Any CPU
		{6226FDC6-93CC-466A-984B-A96805347C34}.Release|Any CPU.ActiveCfg = Release|Any CPU
		{6226FDC6-93CC-466A-984B-A96805347C34}.Release|Any CPU.Build.0 = Release|Any CPU
		{B35CB9CE-510D-4CB2-A948-892648F7E695}.Debug|Any CPU.ActiveCfg = Debug|Any CPU
		{B35CB9CE-510D-4CB2-A948-892648F7E695}.Debug|Any CPU.Build.0 = Debug|Any CPU
		{B35CB9CE-510D-4CB2-A948-892648F7E695}.Release|Any CPU.ActiveCfg = Release|Any CPU
		{B35CB9CE-510D-4CB2-A948-892648F7E695}.Release|Any CPU.Build.0 = Release|Any CPU
	EndGlobalSection
	GlobalSection(NestedProjects) = preSolution
		{6226FDC6-93CC-466A-984B-A96805347C34} = {BBB6F6DD-6388-428A-AC7B-B078C6779C92}
		{B35CB9CE-510D-4CB2-A948-892648F7E695} = {BBB6F6DD-6388-428A-AC7B-B078C6779C92}
	EndGlobalSection
EndGlobal
